
Microsoft Visual Studio Solution File, Format Version 12.00
# Visual Studio 15
VisualStudioVersion = 15.0.28307.1340
MinimumVisualStudioVersion = 10.0.40219.1
Project("{FAE04EC0-301F-11D3-BF4B-00C04F79EFBC}") = "DictionaryCustom", "DictionaryCustom\DictionaryCustom.csproj", "{A99FD797-C768-40E3-A1F3-8CEF42DC14EE}"
EndProject
Global
	GlobalSection(SolutionConfigurationPlatforms) = preSolution
		Debug|Any CPU = Debug|Any CPU
		Release|Any CPU = Release|Any CPU
	EndGlobalSection
	GlobalSection(ProjectConfigurationPlatforms) = postSolution
		{A99FD797-C768-40E3-A1F3-8CEF42DC14EE}.Debug|Any CPU.ActiveCfg = Debug|Any CPU
		{A99FD797-C768-40E3-A1F3-8CEF42DC14EE}.Debug|Any CPU.Build.0 = Debug|Any CPU
		{A99FD797-C768-40E3-A1F3-8CEF42DC14EE}.Release|Any CPU.ActiveCfg = Release|Any CPU
		{A99FD797-C768-40E3-A1F3-8CEF42DC14EE}.Release|Any CPU.Build.0 = Release|Any CPU
	EndGlobalSection
	GlobalSection(SolutionProperties) = preSolution
		HideSolutionNode = FALSE
	EndGlobalSection
	GlobalSection(ExtensibilityGlobals) = postSolution
		SolutionGuid = {BA1CAA8C-D14F-4970-A389-7135328DFB32}
	EndGlobalSection
EndGlobal
